// !$*UTF8*$!
{
	archiveVersion = 1;
	classes = {
	};
	objectVersion = 46;
	objects = {

/* Begin PBXBuildFile section */
		ED11736D1DEAFCCB003F5D5B /* AppDelegate.swift in Sources */ = {isa = PBXBuildFile; fileRef = ED11736C1DEAFCCB003F5D5B /* AppDelegate.swift */; };
		ED11736F1DEAFCCB003F5D5B /* ViewController.swift in Sources */ = {isa = PBXBuildFile; fileRef = ED11736E1DEAFCCB003F5D5B /* ViewController.swift */; };
		ED1173721DEAFCCB003F5D5B /* Main.storyboard in Resources */ = {isa = PBXBuildFile; fileRef = ED1173701DEAFCCB003F5D5B /* Main.storyboard */; };
		ED1173741DEAFCCB003F5D5B /* Assets.xcassets in Resources */ = {isa = PBXBuildFile; fileRef = ED1173731DEAFCCB003F5D5B /* Assets.xcassets */; };
		ED1173771DEAFCCB003F5D5B /* LaunchScreen.storyboard in Resources */ = {isa = PBXBuildFile; fileRef = ED1173751DEAFCCB003F5D5B /* LaunchScreen.storyboard */; };
		ED1173801DEB4C6C003F5D5B /* CalculatorBrain.swift in Sources */ = {isa = PBXBuildFile; fileRef = ED11737F1DEB4C6C003F5D5B /* CalculatorBrain.swift */; };
/* End PBXBuildFile section */

/* Begin PBXFileReference section */
		ED1173691DEAFCCB003F5D5B /* Calculator.app */ = {isa = PBXFileReference; explicitFileType = wrapper.application; includeInIndex = 0; path = Calculator.app; sourceTree = BUILT_PRODUCTS_DIR; };
		ED11736C1DEAFCCB003F5D5B /* AppDelegate.swift */ = {isa = PBXFileReference; lastKnownFileType = sourcecode.swift; path = AppDelegate.swift; sourceTree = "<group>"; };
		ED11736E1DEAFCCB003F5D5B /* ViewController.swift */ = {isa = PBXFileReference; lastKnownFileType = sourcecode.swift; path = ViewController.swift; sourceTree = "<group>"; };
		ED1173711DEAFCCB003F5D5B /* Base */ = {isa = PBXFileReference; lastKnownFileType = file.storyboard; name = Base; path = Base.lproj/Main.storyboard; sourceTree = "<group>"; };
		ED1173731DEAFCCB003F5D5B /* Assets.xcassets */ = {isa = PBXFileReference; lastKnownFileType = folder.assetcatalog; path = Assets.xcassets; sourceTree = "<group>"; };
		ED1173761DEAFCCB003F5D5B /* Base */ = {isa = PBXFileReference; lastKnownFileType = file.storyboard; name = Base; path = Base.lproj/LaunchScreen.storyboard; sourceTree = "<group>"; };
		ED1173781DEAFCCB003F5D5B /* Info.plist */ = {isa = PBXFileReference; lastKnownFileType = text.plist.xml; path = Info.plist; sourceTree = "<group>"; };
		ED11737F1DEB4C6C003F5D5B /* CalculatorBrain.swift */ = {isa = PBXFileReference; fileEncoding = 4; lastKnownFileType = sourcecode.swift; path = CalculatorBrain.swift; sourceTree = "<group>"; };
/* End PBXFileReference section */

/* Begin PBXFrameworksBuildPhase section */
		ED1173661DEAFCCB003F5D5B /* Frameworks */ = {
			isa = PBXFrameworksBuildPhase;
			buildActionMask = 2147483647;
			files = (
			);
			runOnlyForDeploymentPostprocessing = 0;
		};
/* End PBXFrameworksBuildPhase section */

/* Begin PBXGroup section */
		ED1173601DEAFCCB003F5D5B = {
			isa = PBXGroup;
			children = (
				ED11736B1DEAFCCB003F5D5B /* Calculator */,
				ED11736A1DEAFCCB003F5D5B /* Products */,
			);
			sourceTree = "<group>";
		};
		ED11736A1DEAFCCB003F5D5B /* Products */ = {
			isa = PBXGroup;
			children = (
				ED1173691DEAFCCB003F5D5B /* Calculator.app */,
			);
			name = Products;
			sourceTree = "<group>";
		};
		ED11736B1DEAFCCB003F5D5B /* Calculator */ = {
			isa = PBXGroup;
			children = (
				ED11737F1DEB4C6C003F5D5B /* CalculatorBrain.swift */,
				ED11736E1DEAFCCB003F5D5B /* ViewController.swift */,
				ED1173701DEAFCCB003F5D5B /* Main.storyboard */,
				ED11737E1DEAFE4D003F5D5B /* supporting files */,
			);
			path = Calculator;
			sourceTree = "<group>";
		};
		ED11737E1DEAFE4D003F5D5B /* supporting files */ = {
			isa = PBXGroup;
			children = (
				ED11736C1DEAFCCB003F5D5B /* AppDelegate.swift */,
				ED1173731DEAFCCB003F5D5B /* Assets.xcassets */,
				ED1173751DEAFCCB003F5D5B /* LaunchScreen.storyboard */,
				ED1173781DEAFCCB003F5D5B /* Info.plist */,
			);
			name = "supporting files";
			sourceTree = "<group>";
		};
/* End PBXGroup section */

/* Begin PBXNativeTarget section */
		ED1173681DEAFCCB003F5D5B /* Calculator */ = {
			isa = PBXNativeTarget;
			buildConfigurationList = ED11737B1DEAFCCB003F5D5B /* Build configuration list for PBXNativeTarget "Calculator" */;
			buildPhases = (
				ED1173651DEAFCCB003F5D5B /* Sources */,
				ED1173661DEAFCCB003F5D5B /* Frameworks */,
				ED1173671DEAFCCB003F5D5B /* Resources */,
			);
			buildRules = (
			);
			dependencies = (
			);
			name = Calculator;
			productName = Calculator;
			productReference = ED1173691DEAFCCB003F5D5B /* Calculator.app */;
			productType = "com.apple.product-type.application";
		};
/* End PBXNativeTarget section */

/* Begin PBXProject section */
		ED1173611DEAFCCB003F5D5B /* Project object */ = {
			isa = PBXProject;
			attributes = {
				LastSwiftUpdateCheck = 0810;
				LastUpgradeCheck = 0810;
				ORGANIZATIONNAME = "Александра Гольде";
				TargetAttributes = {
					ED1173681DEAFCCB003F5D5B = {
						CreatedOnToolsVersion = 8.1;
						DevelopmentTeam = 3HCFU84273;
						ProvisioningStyle = Automatic;
					};
				};
			};
			buildConfigurationList = ED1173641DEAFCCB003F5D5B /* Build configuration list for PBXProject "Calculator" */;
			compatibilityVersion = "Xcode 3.2";
			developmentRegion = English;
			hasScannedForEncodings = 0;
			knownRegions = (
				en,
				Base,
			);
			mainGroup = ED1173601DEAFCCB003F5D5B;
			productRefGroup = ED11736A1DEAFCCB003F5D5B /* Products */;
			projectDirPath = "";
			projectRoot = "";
			targets = (
				ED1173681DEAFCCB003F5D5B /* Calculator */,
			);
		};
/* End PBXProject section */

/* Begin PBXResourcesBuildPhase section */
		ED1173671DEAFCCB003F5D5B /* Resources */ = {
			isa = PBXResourcesBuildPhase;
			buildActionMask = 2147483647;
			files = (
				ED1173771DEAFCCB003F5D5B /* LaunchScreen.storyboard in Resources */,
				ED1173741DEAFCCB003F5D5B /* Assets.xcassets in Resources */,
				ED1173721DEAFCCB003F5D5B /* Main.storyboard in Resources */,
			);
			runOnlyForDeploymentPostprocessing = 0;
		};
/* End PBXResourcesBuildPhase section */

/* Begin PBXSourcesBuildPhase section */
		ED1173651DEAFCCB003F5D5B /* Sources */ = {
			isa = PBXSourcesBuildPhase;
			buildActionMask = 2147483647;
			files = (
				ED1173801DEB4C6C003F5D5B /* CalculatorBrain.swift in Sources */,
				ED11736F1DEAFCCB003F5D5B /* ViewController.swift in Sources */,
				ED11736D1DEAFCCB003F5D5B /* AppDelegate.swift in Sources */,
			);
			runOnlyForDeploymentPostprocessing = 0;
		};
/* End PBXSourcesBuildPhase section */

/* Begin PBXVariantGroup section */
		ED1173701DEAFCCB003F5D5B /* Main.storyboard */ = {
			isa = PBXVariantGroup;
			children = (
				ED1173711DEAFCCB003F5D5B /* Base */,
			);
			name = Main.storyboard;
			sourceTree = "<group>";
		};
		ED1173751DEAFCCB003F5D5B /* LaunchScreen.storyboard */ = {
			isa = PBXVariantGroup;
			children = (
				ED1173761DEAFCCB003F5D5B /* Base */,
			);
			name = LaunchScreen.storyboard;
			sourceTree = "<group>";
		};
/* End PBXVariantGroup section */

/* Begin XCBuildConfiguration section */
		ED1173791DEAFCCB003F5D5B /* Debug */ = {
			isa = XCBuildConfiguration;
			buildSettings = {
				ALWAYS_SEARCH_USER_PATHS = NO;
				CLANG_ANALYZER_NONNULL = YES;
				CLANG_CXX_LANGUAGE_STANDARD = "gnu++0x";
				CLANG_CXX_LIBRARY = "libc++";
				CLANG_ENABLE_MODULES = YES;
				CLANG_ENABLE_OBJC_ARC = YES;
				CLANG_WARN_BOOL_CONVERSION = YES;
				CLANG_WARN_CONSTANT_CONVERSION = YES;
				CLANG_WARN_DIRECT_OBJC_ISA_USAGE = YES_ERROR;
				CLANG_WARN_DOCUMENTATION_COMMENTS = YES;
				CLANG_WARN_EMPTY_BODY = YES;
				CLANG_WARN_ENUM_CONVERSION = YES;
				CLANG_WARN_INFINITE_RECURSION = YES;
				CLANG_WARN_INT_CONVERSION = YES;
				CLANG_WARN_OBJC_ROOT_CLASS = YES_ERROR;
				CLANG_WARN_SUSPICIOUS_MOVES = YES;
				CLANG_WARN_UNREACHABLE_CODE = YES;
				CLANG_WARN__DUPLICATE_METHOD_MATCH = YES;
				"CODE_SIGN_IDENTITY[sdk=iphoneos*]" = "iPhone Developer";
				COPY_PHASE_STRIP = NO;
				DEBUG_INFORMATION_FORMAT = dwarf;
				ENABLE_STRICT_OBJC_MSGSEND = YES;
				ENABLE_TESTABILITY = YES;
				GCC_C_LANGUAGE_STANDARD = gnu99;
				GCC_DYNAMIC_NO_PIC = NO;
				GCC_NO_COMMON_BLOCKS = YES;
				GCC_OPTIMIZATION_LEVEL = 0;
				GCC_PREPROCESSOR_DEFINITIONS = (
					"DEBUG=1",
					"$(inherited)",
				);
				GCC_WARN_64_TO_32_BIT_CONVERSION = YES;
				GCC_WARN_ABOUT_RETURN_TYPE = YES_ERROR;
				GCC_WARN_UNDECLARED_SELECTOR = YES;
				GCC_WARN_UNINITIALIZED_AUTOS = YES_AGGRESSIVE;
				GCC_WARN_UNUSED_FUNCTION = YES;
				GCC_WARN_UNUSED_VARIABLE = YES;
				IPHONEOS_DEPLOYMENT_TARGET = 10.1;
				MTL_ENABLE_DEBUG_INFO = YES;
				ONLY_ACTIVE_ARCH = YES;
				SDKROOT = iphoneos;
				SWIFT_ACTIVE_COMPILATION_CONDITIONS = DEBUG;
				SWIFT_OPTIMIZATION_LEVEL = "-Onone";
				TARGETED_DEVICE_FAMILY = "1,2";
			};
			name = Debug;
		};
		ED11737A1DEAFCCB003F5D5B /* Release */ = {
			isa = XCBuildConfiguration;
			buildSettings = {
				ALWAYS_SEARCH_USER_PATHS = NO;
				CLANG_ANALYZER_NONNULL = YES;
				CLANG_CXX_LANGUAGE_STANDARD = "gnu++0x";
				CLANG_CXX_LIBRARY = "libc++";
				CLANG_ENABLE_MODULES = YES;
				CLANG_ENABLE_OBJC_ARC = YES;
				CLANG_WARN_BOOL_CONVERSION = YES;
				CLANG_WARN_CONSTANT_CONVERSION = YES;
				CLANG_WARN_DIRECT_OBJC_ISA_USAGE = YES_ERROR;
				CLANG_WARN_DOCUMENTATION_COMMENTS = YES;
				CLANG_WARN_EMPTY_BODY = YES;
				CLANG_WARN_ENUM_CONVERSION = YES;
				CLANG_WARN_INFINITE_RECURSION = YES;
				CLANG_WARN_INT_CONVERSION = YES;
				CLANG_WARN_OBJC_ROOT_CLASS = YES_ERROR;
				CLANG_WARN_SUSPICIOUS_MOVES = YES;
				CLANG_WARN_UNREACHABLE_CODE = YES;
				CLANG_WARN__DUPLICATE_METHOD_MATCH = YES;
				"CODE_SIGN_IDENTITY[sdk=iphoneos*]" = "iPhone Developer";
				COPY_PHASE_STRIP = NO;
				DEBUG_INFORMATION_FORMAT = "dwarf-with-dsym";
				ENABLE_NS_ASSERTIONS = NO;
				ENABLE_STRICT_OBJC_MSGSEND = YES;
				GCC_C_LANGUAGE_STANDARD = gnu99;
				GCC_NO_COMMON_BLOCKS = YES;
				GCC_WARN_64_TO_32_BIT_CONVERSION = YES;
				GCC_WARN_ABOUT_RETURN_TYPE = YES_ERROR;
				GCC_WARN_UNDECLARED_SELECTOR = YES;
				GCC_WARN_UNINITIALIZED_AUTOS = YES_AGGRESSIVE;
				GCC_WARN_UNUSED_FUNCTION = YES;
				GCC_WARN_UNUSED_VARIABLE = YES;
				IPHONEOS_DEPLOYMENT_TARGET = 10.1;
				MTL_ENABLE_DEBUG_INFO = NO;
				SDKROOT = iphoneos;
				SWIFT_OPTIMIZATION_LEVEL = "-Owholemodule";
				TARGETED_DEVICE_FAMILY = "1,2";
				VALIDATE_PRODUCT = YES;
			};
			name = Release;
		};
		ED11737C1DEAFCCB003F5D5B /* Debug */ = {
			isa = XCBuildConfiguration;
			buildSettings = {
				ASSETCATALOG_COMPILER_APPICON_NAME = AppIcon;
				DEVELOPMENT_TEAM = 3HCFU84273;
				INFOPLIST_FILE = Calculator/Info.plist;
				LD_RUNPATH_SEARCH_PATHS = "$(inherited) @executable_path/Frameworks";
				PRODUCT_BUNDLE_IDENTIFIER = "bla-bla.Calculator";
				PRODUCT_NAME = "$(TARGET_NAME)";
				SWIFT_VERSION = 3.0;
			};
			name = Debug;
		};
		ED11737D1DEAFCCB003F5D5B /* Release */ = {
			isa = XCBuildConfiguration;
			buildSettings = {
				ASSETCATALOG_COMPILER_APPICON_NAME = AppIcon;
				DEVELOPMENT_TEAM = 3HCFU84273;
				INFOPLIST_FILE = Calculator/Info.plist;
				LD_RUNPATH_SEARCH_PATHS = "$(inherited) @executable_path/Frameworks";
				PRODUCT_BUNDLE_IDENTIFIER = "bla-bla.Calculator";
				PRODUCT_NAME = "$(TARGET_NAME)";
				SWIFT_VERSION = 3.0;
			};
			name = Release;
		};
/* End XCBuildConfiguration section */

/* Begin XCConfigurationList section */
		ED1173641DEAFCCB003F5D5B /* Build configuration list for PBXProject "Calculator" */ = {
			isa = XCConfigurationList;
			buildConfigurations = (
				ED1173791DEAFCCB003F5D5B /* Debug */,
				ED11737A1DEAFCCB003F5D5B /* Release */,
			);
			defaultConfigurationIsVisible = 0;
			defaultConfigurationName = Release;
		};
		ED11737B1DEAFCCB003F5D5B /* Build configuration list for PBXNativeTarget "Calculator" */ = {
			isa = XCConfigurationList;
			buildConfigurations = (
				ED11737C1DEAFCCB003F5D5B /* Debug */,
				ED11737D1DEAFCCB003F5D5B /* Release */,
			);
			defaultConfigurationIsVisible = 0;
		};
/* End XCConfigurationList section */
	};
	rootObject = ED1173611DEAFCCB003F5D5B /* Project object */;
}
